
Microsoft Visual Studio Solution File, Format Version 12.00
# Visual Studio Version 17
VisualStudioVersion = 17.12.35514.174
MinimumVisualStudioVersion = 10.0.40219.1
Project("{FAE04EC0-301F-11D3-BF4B-00C04F79EFBC}") = "UltimateAspWebApi", "UltimateAspWebApi\UltimateAspWebApi.csproj", "{0362D928-79F4-46FC-972E-FC9C62FC0607}"
EndProject
Project("{FAE04EC0-301F-11D3-BF4B-00C04F79EFBC}") = "Entities", "Entities\Entities.csproj", "{02FD5E42-F826-49AF-96A5-0DB63D904159}"
EndProject
Project("{FAE04EC0-301F-11D3-BF4B-00C04F79EFBC}") = "Repository", "Repository\Repository.csproj", "{684C728B-FECB-4436-AB37-443BB21CB0E3}"
EndProject
Project("{FAE04EC0-301F-11D3-BF4B-00C04F79EFBC}") = "Contracts", "Contracts\Contracts.csproj", "{6371115A-3121-4699-AF6D-324BA2C7204B}"
EndProject
Project("{FAE04EC0-301F-11D3-BF4B-00C04F79EFBC}") = "Service.Contract", "Service.Contract\Service.Contract.csproj", "{03FB177D-35F7-48BE-A05C-2727FF5ECC03}"
EndProject
Project("{FAE04EC0-301F-11D3-BF4B-00C04F79EFBC}") = "Service", "Service\Service.csproj", "{56842276-B343-462C-A060-4821DA23E464}"
EndProject
Project("{FAE04EC0-301F-11D3-BF4B-00C04F79EFBC}") = "LoggerService", "LoggerService\LoggerService.csproj", "{E617AB5C-1E31-40D2-9476-96E712C13C38}"
EndProject
Project("{FAE04EC0-301F-11D3-BF4B-00C04F79EFBC}") = "CompanyEmployees.Presentation", "CompanyEmployees.Presentation\CompanyEmployees.Presentation.csproj", "{AAC93456-9B42-49C1-AD1C-3078ACAF0790}"
EndProject
Global
	GlobalSection(SolutionConfigurationPlatforms) = preSolution
		Debug|Any CPU = Debug|Any CPU
		Release|Any CPU = Release|Any CPU
	EndGlobalSection
	GlobalSection(ProjectConfigurationPlatforms) = postSolution
		{0362D928-79F4-46FC-972E-FC9C62FC0607}.Debug|Any CPU.ActiveCfg = Debug|Any CPU
		{0362D928-79F4-46FC-972E-FC9C62FC0607}.Debug|Any CPU.Build.0 = Debug|Any CPU
		{0362D928-79F4-46FC-972E-FC9C62FC0607}.Release|Any CPU.ActiveCfg = Release|Any CPU
		{0362D928-79F4-46FC-972E-FC9C62FC0607}.Release|Any CPU.Build.0 = Release|Any CPU
		{02FD5E42-F826-49AF-96A5-0DB63D904159}.Debug|Any CPU.ActiveCfg = Debug|Any CPU
		{02FD5E42-F826-49AF-96A5-0DB63D904159}.Debug|Any CPU.Build.0 = Debug|Any CPU
		{02FD5E42-F826-49AF-96A5-0DB63D904159}.Release|Any CPU.ActiveCfg = Release|Any CPU
		{02FD5E42-F826-49AF-96A5-0DB63D904159}.Release|Any CPU.Build.0 = Release|Any CPU
		{684C728B-FECB-4436-AB37-443BB21CB0E3}.Debug|Any CPU.ActiveCfg = Debug|Any CPU
		{684C728B-FECB-4436-AB37-443BB21CB0E3}.Debug|Any CPU.Build.0 = Debug|Any CPU
		{684C728B-FECB-4436-AB37-443BB21CB0E3}.Release|Any CPU.ActiveCfg = Release|Any CPU
		{684C728B-FECB-4436-AB37-443BB21CB0E3}.Release|Any CPU.Build.0 = Release|Any CPU
		{6371115A-3121-4699-AF6D-324BA2C7204B}.Debug|Any CPU.ActiveCfg = Debug|Any CPU
		{6371115A-3121-4699-AF6D-324BA2C7204B}.Debug|Any CPU.Build.0 = Debug|Any CPU
		{6371115A-3121-4699-AF6D-324BA2C7204B}.Release|Any CPU.ActiveCfg = Release|Any CPU
		{6371115A-3121-4699-AF6D-324BA2C7204B}.Release|Any CPU.Build.0 = Release|Any CPU
		{03FB177D-35F7-48BE-A05C-2727FF5ECC03}.Debug|Any CPU.ActiveCfg = Debug|Any CPU
		{03FB177D-35F7-48BE-A05C-2727FF5ECC03}.Debug|Any CPU.Build.0 = Debug|Any CPU
		{03FB177D-35F7-48BE-A05C-2727FF5ECC03}.Release|Any CPU.ActiveCfg = Release|Any CPU
		{03FB177D-35F7-48BE-A05C-2727FF5ECC03}.Release|Any CPU.Build.0 = Release|Any CPU
		{56842276-B343-462C-A060-4821DA23E464}.Debug|Any CPU.ActiveCfg = Debug|Any CPU
		{56842276-B343-462C-A060-4821DA23E464}.Debug|Any CPU.Build.0 = Debug|Any CPU
		{56842276-B343-462C-A060-4821DA23E464}.Release|Any CPU.ActiveCfg = Release|Any CPU
		{56842276-B343-462C-A060-4821DA23E464}.Release|Any CPU.Build.0 = Release|Any CPU
		{E617AB5C-1E31-40D2-9476-96E712C13C38}.Debug|Any CPU.ActiveCfg = Debug|Any CPU
		{E617AB5C-1E31-40D2-9476-96E712C13C38}.Debug|Any CPU.Build.0 = Debug|Any CPU
		{E617AB5C-1E31-40D2-9476-96E712C13C38}.Release|Any CPU.ActiveCfg = Release|Any CPU
		{E617AB5C-1E31-40D2-9476-96E712C13C38}.Release|Any CPU.Build.0 = Release|Any CPU
		{AAC93456-9B42-49C1-AD1C-3078ACAF0790}.Debug|Any CPU.ActiveCfg = Debug|Any CPU
		{AAC93456-9B42-49C1-AD1C-3078ACAF0790}.Debug|Any CPU.Build.0 = Debug|Any CPU
		{AAC93456-9B42-49C1-AD1C-3078ACAF0790}.Release|Any CPU.ActiveCfg = Release|Any CPU
		{AAC93456-9B42-49C1-AD1C-3078ACAF0790}.Release|Any CPU.Build.0 = Release|Any CPU
	EndGlobalSection
	GlobalSection(SolutionProperties) = preSolution
		HideSolutionNode = FALSE
	EndGlobalSection
EndGlobal
